{
  "requires": true,
  "lockfileVersion": 1,
  "dependencies": {
    "t-writer.js": {
      "version": "1.0.4",
      "resolved": "https://registry.npmjs.org/t-writer.js/-/t-writer.js-1.0.4.tgz",
      "integrity": "sha512-VDmg2L43dYVbdmduaX5Ea+osiXVtgIsVDr/sfuT01Q2Ypvy6AZINyb4JROP1wEBATM5++l74vio0Au1s57XVJg=="
    }
  }
}
